
Microsoft Visual Studio Solution File, Format Version 11.00
# Visual Studio 2010
Project("{8BC9CEB8-8B4A-11D0-8D11-00A0C91BC942}") = "spotiload", "src\spotiload\spotiload.vcxproj", "{B6DC9CD4-02AD-4123-9B6C-63DF6F29846F}"
EndProject
Project("{8BC9CEB8-8B4A-11D0-8D11-00A0C91BC942}") = "libmp3lame-static", "src\external\lame\vc_solution\vc9_libmp3lame.vcxproj", "{20536101-3B0E-43EF-94F9-080D595DAC57}"
EndProject
Project("{8BC9CEB8-8B4A-11D0-8D11-00A0C91BC942}") = "libmpghip-static", "src\external\lame\vc_solution\vc9_mpglib.vcxproj", "{E2DAB91A-8248-4625-8A85-2C2C2A390DD8}"
EndProject
Project("{8BC9CEB8-8B4A-11D0-8D11-00A0C91BC942}") = "ptypes", "src\external\ptypes\win32\ptypes.vcxproj", "{A403BEE1-22B4-4CE3-8C93-3D470CE3AF38}"
EndProject
Global
	GlobalSection(SolutionConfigurationPlatforms) = preSolution
		Debug|Win32 = Debug|Win32
		Release|Win32 = Release|Win32
	EndGlobalSection
	GlobalSection(ProjectConfigurationPlatforms) = postSolution
		{B6DC9CD4-02AD-4123-9B6C-63DF6F29846F}.Debug|Win32.ActiveCfg = Debug|Win32
		{B6DC9CD4-02AD-4123-9B6C-63DF6F29846F}.Debug|Win32.Build.0 = Debug|Win32
		{B6DC9CD4-02AD-4123-9B6C-63DF6F29846F}.Release|Win32.ActiveCfg = Release|Win32
		{B6DC9CD4-02AD-4123-9B6C-63DF6F29846F}.Release|Win32.Build.0 = Release|Win32
		{20536101-3B0E-43EF-94F9-080D595DAC57}.Debug|Win32.ActiveCfg = Debug|Win32
		{20536101-3B0E-43EF-94F9-080D595DAC57}.Debug|Win32.Build.0 = Debug|Win32
		{20536101-3B0E-43EF-94F9-080D595DAC57}.Release|Win32.ActiveCfg = Release|Win32
		{20536101-3B0E-43EF-94F9-080D595DAC57}.Release|Win32.Build.0 = Release|Win32
		{E2DAB91A-8248-4625-8A85-2C2C2A390DD8}.Debug|Win32.ActiveCfg = Debug|Win32
		{E2DAB91A-8248-4625-8A85-2C2C2A390DD8}.Debug|Win32.Build.0 = Debug|Win32
		{E2DAB91A-8248-4625-8A85-2C2C2A390DD8}.Release|Win32.ActiveCfg = Release|Win32
		{E2DAB91A-8248-4625-8A85-2C2C2A390DD8}.Release|Win32.Build.0 = Release|Win32
		{A403BEE1-22B4-4CE3-8C93-3D470CE3AF38}.Debug|Win32.ActiveCfg = Debug|Win32
		{A403BEE1-22B4-4CE3-8C93-3D470CE3AF38}.Debug|Win32.Build.0 = Debug|Win32
		{A403BEE1-22B4-4CE3-8C93-3D470CE3AF38}.Release|Win32.ActiveCfg = Release|Win32
		{A403BEE1-22B4-4CE3-8C93-3D470CE3AF38}.Release|Win32.Build.0 = Release|Win32
	EndGlobalSection
	GlobalSection(SolutionProperties) = preSolution
		HideSolutionNode = FALSE
	EndGlobalSection
EndGlobal
