<?xml version="1.0" encoding="utf-8"?>
<Project ToolsVersion="4.0" xmlns="http://schemas.microsoft.com/developer/msbuild/2003">
  <ItemGroup>
    <Filter Include="Source">
      <UniqueIdentifier>{4FC737F1-C7A5-4376-A066-2A32D752A2FF}</UniqueIdentifier>
      <Extensions>cpp;c;cc;cxx;def;odl;idl;hpj;bat;asm;asmx</Extensions>
    </Filter>
  </ItemGroup>
  <ItemGroup>
    <ClInclude Include="stdafx.h">
      <Filter>Source</Filter>
    </ClInclude>
    <ClInclude Include="targetver.h">
      <Filter>Source</Filter>
    </ClInclude>
    <ClInclude Include="..\external\libspotify\include\libspotify\api.h">
      <Filter>Source</Filter>
    </ClInclude>
    <ClInclude Include="options.h">
      <Filter>Source</Filter>
    </ClInclude>
    <ClInclude Include="audioWriter.h">
      <Filter>Source</Filter>
    </ClInclude>
    <ClInclude Include="RawWriter.h">
      <Filter>Source</Filter>
    </ClInclude>
    <ClInclude Include="MP3Writer.h">
      <Filter>Source</Filter>
    </ClInclude>
    <ClInclude Include="OGGWriter.h">
      <Filter>Source</Filter>
    </ClInclude>
    <ClInclude Include="TrackData.h">
      <Filter>Source</Filter>
    </ClInclude>
    <ClInclude Include="image.h">
      <Filter>Source</Filter>
    </ClInclude>
    <ClInclude Include="utf8.h">
      <Filter>Source</Filter>
    </ClInclude>
  </ItemGroup>
  <ItemGroup>
    <ClCompile Include="stdafx.cpp">
      <Filter>Source</Filter>
    </ClCompile>
    <ClCompile Include="spotiload.cpp">
      <Filter>Source</Filter>
    </ClCompile>
    <ClCompile Include="options.cpp">
      <Filter>Source</Filter>
    </ClCompile>
    <ClCompile Include="audioWriter.cpp">
      <Filter>Source</Filter>
    </ClCompile>
    <ClCompile Include="RawWriter.cpp">
      <Filter>Source</Filter>
    </ClCompile>
    <ClCompile Include="MP3Writer.cpp">
      <Filter>Source</Filter>
    </ClCompile>
    <ClCompile Include="OGGWriter.cpp">
      <Filter>Source</Filter>
    </ClCompile>
    <ClCompile Include="image.cpp">
      <Filter>Source</Filter>
    </ClCompile>
    <ClCompile Include="utf8.c">
      <Filter>Source</Filter>
    </ClCompile>
  </ItemGroup>
</Project>